
Microsoft Visual Studio Solution File, Format Version 12.00
# Visual Studio Version 17
VisualStudioVersion = 17.8.34330.188
MinimumVisualStudioVersion = 10.0.40219.1
Project("{FAE04EC0-301F-11D3-BF4B-00C04F79EFBC}") = "JewelryAuction.Data", "JewelryAuction.Data\JewelryAuction.Data.csproj", "{95E18807-F4B4-453F-9BB4-1624DF5AA0D0}"
EndProject
Project("{FAE04EC0-301F-11D3-BF4B-00C04F79EFBC}") = "JewelryAuction.Business", "JewelryAuction.Business\JewelryAuction.Business.csproj", "{0DEA0A34-424B-4964-A01F-5335785F8D4F}"
EndProject
Project("{FAE04EC0-301F-11D3-BF4B-00C04F79EFBC}") = "JewelryAuction.RazorWebApp", "JewelryAuction.RazorWebApp\JewelryAuction.RazorWebApp.csproj", "{5A3DF671-C56D-4469-9EEC-5CC018842D98}"
EndProject
Global
	GlobalSection(SolutionConfigurationPlatforms) = preSolution
		Debug|Any CPU = Debug|Any CPU
		Release|Any CPU = Release|Any CPU
	EndGlobalSection
	GlobalSection(ProjectConfigurationPlatforms) = postSolution
		{95E18807-F4B4-453F-9BB4-1624DF5AA0D0}.Debug|Any CPU.ActiveCfg = Debug|Any CPU
		{95E18807-F4B4-453F-9BB4-1624DF5AA0D0}.Debug|Any CPU.Build.0 = Debug|Any CPU
		{95E18807-F4B4-453F-9BB4-1624DF5AA0D0}.Release|Any CPU.ActiveCfg = Release|Any CPU
		{95E18807-F4B4-453F-9BB4-1624DF5AA0D0}.Release|Any CPU.Build.0 = Release|Any CPU
		{0DEA0A34-424B-4964-A01F-5335785F8D4F}.Debug|Any CPU.ActiveCfg = Debug|Any CPU
		{0DEA0A34-424B-4964-A01F-5335785F8D4F}.Debug|Any CPU.Build.0 = Debug|Any CPU
		{0DEA0A34-424B-4964-A01F-5335785F8D4F}.Release|Any CPU.ActiveCfg = Release|Any CPU
		{0DEA0A34-424B-4964-A01F-5335785F8D4F}.Release|Any CPU.Build.0 = Release|Any CPU
		{5A3DF671-C56D-4469-9EEC-5CC018842D98}.Debug|Any CPU.ActiveCfg = Debug|Any CPU
		{5A3DF671-C56D-4469-9EEC-5CC018842D98}.Debug|Any CPU.Build.0 = Debug|Any CPU
		{5A3DF671-C56D-4469-9EEC-5CC018842D98}.Release|Any CPU.ActiveCfg = Release|Any CPU
		{5A3DF671-C56D-4469-9EEC-5CC018842D98}.Release|Any CPU.Build.0 = Release|Any CPU
	EndGlobalSection
	GlobalSection(SolutionProperties) = preSolution
		HideSolutionNode = FALSE
	EndGlobalSection
	GlobalSection(ExtensibilityGlobals) = postSolution
		SolutionGuid = {8096267F-F608-4A57-84CA-782E5A2493AC}
	EndGlobalSection
EndGlobal
